// !$*UTF8*$!
{
	archiveVersion = 1;
	classes = {
	};
	objectVersion = 77;
	objects = {

/* Begin PBXBuildFile section */
		9ABF05092F785FB400F82F83 /* AppDelegate.swift in Sources */ = {isa = PBXBuildFile; fileRef = 9ABF05082F785FB400F82F83 /* AppDelegate.swift */; };
		9ABF050B2F785FB400F82F83 /* SceneDelegate.swift in Sources */ = {isa = PBXBuildFile; fileRef = 9ABF050A2F785FB400F82F83 /* SceneDelegate.swift */; };
		9ABF050E2F785FB400F82F83 /* LaunchScreen.storyboard in Resources */ = {isa = PBXBuildFile; fileRef = 9ABF050C2F785FB400F82F83 /* LaunchScreen.storyboard */; };
		9ABF05112F785FB400F82F83 /* Main.storyboard in Resources */ = {isa = PBXBuildFile; fileRef = 9ABF050F2F785FB400F82F83 /* Main.storyboard */; };
		9ABF051A2F785FB400F82F83 /* AppDelegate.swift in Sources */ = {isa = PBXBuildFile; fileRef = 9ABF05192F785FB400F82F83 /* AppDelegate.swift */; };
		9ABF051D2F785FB400F82F83 /* Main.storyboard in Resources */ = {isa = PBXBuildFile; fileRef = 9ABF051B2F785FB400F82F83 /* Main.storyboard */; };
		9ABF05242F785FB400F82F83 /* DNS Medic Extension.appex in Embed Foundation Extensions */ = {isa = PBXBuildFile; fileRef = 9ABF05232F785FB400F82F83 /* DNS Medic Extension.appex */; settings = {ATTRIBUTES = (RemoveHeadersOnCopy, ); }; };
		9ABF052E2F785FB400F82F83 /* DNS Medic Extension.appex in Embed Foundation Extensions */ = {isa = PBXBuildFile; fileRef = 9ABF052D2F785FB400F82F83 /* DNS Medic Extension.appex */; settings = {ATTRIBUTES = (RemoveHeadersOnCopy, ); }; };
		9ABF05332F785FB400F82F83 /* Main.html in Resources */ = {isa = PBXBuildFile; fileRef = 9ABF04F82F785FB300F82F83 /* Main.html */; };
		9ABF05342F785FB400F82F83 /* Main.html in Resources */ = {isa = PBXBuildFile; fileRef = 9ABF04F82F785FB300F82F83 /* Main.html */; };
		9ABF05352F785FB400F82F83 /* Icon.png in Resources */ = {isa = PBXBuildFile; fileRef = 9ABF04FA2F785FB300F82F83 /* Icon.png */; };
		9ABF05362F785FB400F82F83 /* Icon.png in Resources */ = {isa = PBXBuildFile; fileRef = 9ABF04FA2F785FB300F82F83 /* Icon.png */; };
		9ABF05372F785FB400F82F83 /* Style.css in Resources */ = {isa = PBXBuildFile; fileRef = 9ABF04FB2F785FB300F82F83 /* Style.css */; };
		9ABF05382F785FB400F82F83 /* Style.css in Resources */ = {isa = PBXBuildFile; fileRef = 9ABF04FB2F785FB300F82F83 /* Style.css */; };
		9ABF05392F785FB400F82F83 /* Script.js in Resources */ = {isa = PBXBuildFile; fileRef = 9ABF04FC2F785FB300F82F83 /* Script.js */; };
		9ABF053A2F785FB400F82F83 /* Script.js in Resources */ = {isa = PBXBuildFile; fileRef = 9ABF04FC2F785FB300F82F83 /* Script.js */; };
		9ABF053B2F785FB400F82F83 /* ViewController.swift in Sources */ = {isa = PBXBuildFile; fileRef = 9ABF04FD2F785FB300F82F83 /* ViewController.swift */; };
		9ABF053C2F785FB400F82F83 /* ViewController.swift in Sources */ = {isa = PBXBuildFile; fileRef = 9ABF04FD2F785FB300F82F83 /* ViewController.swift */; };
		9ABF053D2F785FB400F82F83 /* Assets.xcassets in Resources */ = {isa = PBXBuildFile; fileRef = 9ABF04FE2F785FB400F82F83 /* Assets.xcassets */; };
		9ABF053E2F785FB400F82F83 /* Assets.xcassets in Resources */ = {isa = PBXBuildFile; fileRef = 9ABF04FE2F785FB400F82F83 /* Assets.xcassets */; };
		9ABF053F2F785FB400F82F83 /* SafariWebExtensionHandler.swift in Sources */ = {isa = PBXBuildFile; fileRef = 9ABF05002F785FB400F82F83 /* SafariWebExtensionHandler.swift */; };
		9ABF05402F785FB400F82F83 /* SafariWebExtensionHandler.swift in Sources */ = {isa = PBXBuildFile; fileRef = 9ABF05002F785FB400F82F83 /* SafariWebExtensionHandler.swift */; };
		9ABF056A2F785FB400F82F83 /* platforms in Resources */ = {isa = PBXBuildFile; fileRef = 9ABF05522F785FB400F82F83 /* platforms */; };
		9ABF056B2F785FB400F82F83 /* popup.js in Resources */ = {isa = PBXBuildFile; fileRef = 9ABF05532F785FB400F82F83 /* popup.js */; };
		9ABF056C2F785FB400F82F83 /* CHANGELOG.md in Resources */ = {isa = PBXBuildFile; fileRef = 9ABF05542F785FB400F82F83 /* CHANGELOG.md */; };
		9ABF056D2F785FB400F82F83 /* background.js in Resources */ = {isa = PBXBuildFile; fileRef = 9ABF05552F785FB400F82F83 /* background.js */; };
		9ABF056E2F785FB400F82F83 /* browser-compat.js in Resources */ = {isa = PBXBuildFile; fileRef = 9ABF05562F785FB400F82F83 /* browser-compat.js */; };
		9ABF056F2F785FB400F82F83 /* domain-db.json in Resources */ = {isa = PBXBuildFile; fileRef = 9ABF05572F785FB400F82F83 /* domain-db.json */; };
		9ABF05702F785FB400F82F83 /* popup.html in Resources */ = {isa = PBXBuildFile; fileRef = 9ABF05582F785FB400F82F83 /* popup.html */; };
		9ABF05712F785FB400F82F83 /* db-loader.js in Resources */ = {isa = PBXBuildFile; fileRef = 9ABF05592F785FB400F82F83 /* db-loader.js */; };
		9ABF05722F785FB400F82F83 /* providers in Resources */ = {isa = PBXBuildFile; fileRef = 9ABF055A2F785FB400F82F83 /* providers */; };
		9ABF05732F785FB400F82F83 /* tests in Resources */ = {isa = PBXBuildFile; fileRef = 9ABF055B2F785FB400F82F83 /* tests */; };
		9ABF05742F785FB400F82F83 /* manifest.firefox.json in Resources */ = {isa = PBXBuildFile; fileRef = 9ABF055C2F785FB400F82F83 /* manifest.firefox.json */; };
		9ABF05752F785FB400F82F83 /* docs in Resources */ = {isa = PBXBuildFile; fileRef = 9ABF055D2F785FB400F82F83 /* docs */; };
		9ABF05772F785FB400F82F83 /* README.md in Resources */ = {isa = PBXBuildFile; fileRef = 9ABF055F2F785FB400F82F83 /* README.md */; };
		9ABF05782F785FB400F82F83 /* build.sh in Resources */ = {isa = PBXBuildFile; fileRef = 9ABF05602F785FB400F82F83 /* build.sh */; };
		9ABF05792F785FB400F82F83 /* diagnostics.html in Resources */ = {isa = PBXBuildFile; fileRef = 9ABF05612F785FB400F82F83 /* diagnostics.html */; };
		9ABF057A2F785FB400F82F83 /* package.json in Resources */ = {isa = PBXBuildFile; fileRef = 9ABF05622F785FB400F82F83 /* package.json */; };
		9ABF057B2F785FB400F82F83 /* icons in Resources */ = {isa = PBXBuildFile; fileRef = 9ABF05632F785FB400F82F83 /* icons */; };
		9ABF057C2F785FB400F82F83 /* scripts in Resources */ = {isa = PBXBuildFile; fileRef = 9ABF05642F785FB400F82F83 /* scripts */; };
		9ABF057D2F785FB400F82F83 /* manifest.json in Resources */ = {isa = PBXBuildFile; fileRef = 9ABF05652F785FB400F82F83 /* manifest.json */; };
		9ABF057E2F785FB400F82F83 /* domain-db.js in Resources */ = {isa = PBXBuildFile; fileRef = 9ABF05662F785FB400F82F83 /* domain-db.js */; };
		9ABF057F2F785FB400F82F83 /* popup.css in Resources */ = {isa = PBXBuildFile; fileRef = 9ABF05672F785FB400F82F83 /* popup.css */; };
		9ABF05802F785FB400F82F83 /* store in Resources */ = {isa = PBXBuildFile; fileRef = 9ABF05682F785FB400F82F83 /* store */; };
		9ABF05812F785FB400F82F83 /* platform-detect.js in Resources */ = {isa = PBXBuildFile; fileRef = 9ABF05692F785FB400F82F83 /* platform-detect.js */; };
		9ABF05822F785FB400F82F83 /* platforms in Resources */ = {isa = PBXBuildFile; fileRef = 9ABF05522F785FB400F82F83 /* platforms */; };
		9ABF05832F785FB400F82F83 /* popup.js in Resources */ = {isa = PBXBuildFile; fileRef = 9ABF05532F785FB400F82F83 /* popup.js */; };
		9ABF05842F785FB400F82F83 /* CHANGELOG.md in Resources */ = {isa = PBXBuildFile; fileRef = 9ABF05542F785FB400F82F83 /* CHANGELOG.md */; };
		9ABF05852F785FB400F82F83 /* background.js in Resources */ = {isa = PBXBuildFile; fileRef = 9ABF05552F785FB400F82F83 /* background.js */; };
		9ABF05862F785FB400F82F83 /* browser-compat.js in Resources */ = {isa = PBXBuildFile; fileRef = 9ABF05562F785FB400F82F83 /* browser-compat.js */; };
		9ABF05872F785FB400F82F83 /* domain-db.json in Resources */ = {isa = PBXBuildFile; fileRef = 9ABF05572F785FB400F82F83 /* domain-db.json */; };
		9ABF05882F785FB400F82F83 /* popup.html in Resources */ = {isa = PBXBuildFile; fileRef = 9ABF05582F785FB400F82F83 /* popup.html */; };
		9ABF05892F785FB400F82F83 /* db-loader.js in Resources */ = {isa = PBXBuildFile; fileRef = 9ABF05592F785FB400F82F83 /* db-loader.js */; };
		9ABF058A2F785FB400F82F83 /* providers in Resources */ = {isa = PBXBuildFile; fileRef = 9ABF055A2F785FB400F82F83 /* providers */; };
		9ABF058B2F785FB400F82F83 /* tests in Resources */ = {isa = PBXBuildFile; fileRef = 9ABF055B2F785FB400F82F83 /* tests */; };
		9ABF058C2F785FB400F82F83 /* manifest.firefox.json in Resources */ = {isa = PBXBuildFile; fileRef = 9ABF055C2F785FB400F82F83 /* manifest.firefox.json */; };
		9ABF058D2F785FB400F82F83 /* docs in Resources */ = {isa = PBXBuildFile; fileRef = 9ABF055D2F785FB400F82F83 /* docs */; };
		9ABF058F2F785FB400F82F83 /* README.md in Resources */ = {isa = PBXBuildFile; fileRef = 9ABF055F2F785FB400F82F83 /* README.md */; };
		9ABF05902F785FB400F82F83 /* build.sh in Resources */ = {isa = PBXBuildFile; fileRef = 9ABF05602F785FB400F82F83 /* build.sh */; };
		9ABF05912F785FB400F82F83 /* diagnostics.html in Resources */ = {isa = PBXBuildFile; fileRef = 9ABF05612F785FB400F82F83 /* diagnostics.html */; };
		9ABF05922F785FB400F82F83 /* package.json in Resources */ = {isa = PBXBuildFile; fileRef = 9ABF05622F785FB400F82F83 /* package.json */; };
		9ABF05932F785FB400F82F83 /* icons in Resources */ = {isa = PBXBuildFile; fileRef = 9ABF05632F785FB400F82F83 /* icons */; };
		9ABF05942F785FB400F82F83 /* scripts in Resources */ = {isa = PBXBuildFile; fileRef = 9ABF05642F785FB400F82F83 /* scripts */; };
		9ABF05952F785FB400F82F83 /* manifest.json in Resources */ = {isa = PBXBuildFile; fileRef = 9ABF05652F785FB400F82F83 /* manifest.json */; };
		9ABF05962F785FB400F82F83 /* domain-db.js in Resources */ = {isa = PBXBuildFile; fileRef = 9ABF05662F785FB400F82F83 /* domain-db.js */; };
		9ABF05972F785FB400F82F83 /* popup.css in Resources */ = {isa = PBXBuildFile; fileRef = 9ABF05672F785FB400F82F83 /* popup.css */; };
		9ABF05982F785FB400F82F83 /* store in Resources */ = {isa = PBXBuildFile; fileRef = 9ABF05682F785FB400F82F83 /* store */; };
		9ABF05992F785FB400F82F83 /* platform-detect.js in Resources */ = {isa = PBXBuildFile; fileRef = 9ABF05692F785FB400F82F83 /* platform-detect.js */; };
/* End PBXBuildFile section */

/* Begin PBXContainerItemProxy section */
		9ABF05252F785FB400F82F83 /* PBXContainerItemProxy */ = {
			isa = PBXContainerItemProxy;
			containerPortal = 9ABF04F22F785FB300F82F83 /* Project object */;
			proxyType = 1;
			remoteGlobalIDString = 9ABF05222F785FB400F82F83;
			remoteInfo = "DNS Medic Extension (iOS)";
		};
		9ABF052F2F785FB400F82F83 /* PBXContainerItemProxy */ = {
			isa = PBXContainerItemProxy;
			containerPortal = 9ABF04F22F785FB300F82F83 /* Project object */;
			proxyType = 1;
			remoteGlobalIDString = 9ABF052C2F785FB400F82F83;
			remoteInfo = "DNS Medic Extension (macOS)";
		};
/* End PBXContainerItemProxy section */

/* Begin PBXCopyFilesBuildPhase section */
		9ABF05462F785FB400F82F83 /* Embed Foundation Extensions */ = {
			isa = PBXCopyFilesBuildPhase;
			buildActionMask = 2147483647;
			dstPath = "";
			dstSubfolderSpec = 13;
			files = (
				9ABF05242F785FB400F82F83 /* DNS Medic Extension.appex in Embed Foundation Extensions */,
			);
			name = "Embed Foundation Extensions";
			runOnlyForDeploymentPostprocessing = 0;
		};
		9ABF054D2F785FB400F82F83 /* Embed Foundation Extensions */ = {
			isa = PBXCopyFilesBuildPhase;
			buildActionMask = 2147483647;
			dstPath = "";
			dstSubfolderSpec = 13;
			files = (
				9ABF052E2F785FB400F82F83 /* DNS Medic Extension.appex in Embed Foundation Extensions */,
			);
			name = "Embed Foundation Extensions";
			runOnlyForDeploymentPostprocessing = 0;
		};
/* End PBXCopyFilesBuildPhase section */

/* Begin PBXFileReference section */
		9ABF04F92F785FB300F82F83 /* Base */ = {isa = PBXFileReference; lastKnownFileType = text.html; name = Base; path = Base.lproj/Main.html; sourceTree = "<group>"; };
		9ABF04FA2F785FB300F82F83 /* Icon.png */ = {isa = PBXFileReference; lastKnownFileType = image.png; path = Icon.png; sourceTree = "<group>"; };
		9ABF04FB2F785FB300F82F83 /* Style.css */ = {isa = PBXFileReference; lastKnownFileType = text.css; path = Style.css; sourceTree = "<group>"; };
		9ABF04FC2F785FB300F82F83 /* Script.js */ = {isa = PBXFileReference; lastKnownFileType = sourcecode.javascript; path = Script.js; sourceTree = "<group>"; };
		9ABF04FD2F785FB300F82F83 /* ViewController.swift */ = {isa = PBXFileReference; lastKnownFileType = sourcecode.swift; path = ViewController.swift; sourceTree = "<group>"; };
		9ABF04FE2F785FB400F82F83 /* Assets.xcassets */ = {isa = PBXFileReference; lastKnownFileType = folder.assetcatalog; path = Assets.xcassets; sourceTree = "<group>"; };
		9ABF05002F785FB400F82F83 /* SafariWebExtensionHandler.swift */ = {isa = PBXFileReference; lastKnownFileType = sourcecode.swift; path = SafariWebExtensionHandler.swift; sourceTree = "<group>"; };
		9ABF05052F785FB400F82F83 /* DNS Medic.app */ = {isa = PBXFileReference; explicitFileType = wrapper.application; includeInIndex = 0; path = "DNS Medic.app"; sourceTree = BUILT_PRODUCTS_DIR; };
		9ABF05082F785FB400F82F83 /* AppDelegate.swift */ = {isa = PBXFileReference; lastKnownFileType = sourcecode.swift; path = AppDelegate.swift; sourceTree = "<group>"; };
		9ABF050A2F785FB400F82F83 /* SceneDelegate.swift */ = {isa = PBXFileReference; lastKnownFileType = sourcecode.swift; path = SceneDelegate.swift; sourceTree = "<group>"; };
		9ABF050D2F785FB400F82F83 /* Base */ = {isa = PBXFileReference; lastKnownFileType = file.storyboard; name = Base; path = Base.lproj/LaunchScreen.storyboard; sourceTree = "<group>"; };
		9ABF05102F785FB400F82F83 /* Base */ = {isa = PBXFileReference; lastKnownFileType = file.storyboard; name = Base; path = Base.lproj/Main.storyboard; sourceTree = "<group>"; };
		9ABF05122F785FB400F82F83 /* Info.plist */ = {isa = PBXFileReference; lastKnownFileType = text.plist.xml; path = Info.plist; sourceTree = "<group>"; };
		9ABF05172F785FB400F82F83 /* DNS Medic.app */ = {isa = PBXFileReference; explicitFileType = wrapper.application; includeInIndex = 0; path = "DNS Medic.app"; sourceTree = BUILT_PRODUCTS_DIR; };
		9ABF05192F785FB400F82F83 /* AppDelegate.swift */ = {isa = PBXFileReference; lastKnownFileType = sourcecode.swift; path = AppDelegate.swift; sourceTree = "<group>"; };
		9ABF051C2F785FB400F82F83 /* Base */ = {isa = PBXFileReference; lastKnownFileType = file.storyboard; name = Base; path = Base.lproj/Main.storyboard; sourceTree = "<group>"; };
		9ABF051E2F785FB400F82F83 /* Info.plist */ = {isa = PBXFileReference; lastKnownFileType = text.plist.xml; path = Info.plist; sourceTree = "<group>"; };
		9ABF05232F785FB400F82F83 /* DNS Medic Extension.appex */ = {isa = PBXFileReference; explicitFileType = "wrapper.app-extension"; includeInIndex = 0; path = "DNS Medic Extension.appex"; sourceTree = BUILT_PRODUCTS_DIR; };
		9ABF05282F785FB400F82F83 /* Info.plist */ = {isa = PBXFileReference; lastKnownFileType = text.plist.xml; path = Info.plist; sourceTree = "<group>"; };
		9ABF052D2F785FB400F82F83 /* DNS Medic Extension.appex */ = {isa = PBXFileReference; explicitFileType = "wrapper.app-extension"; includeInIndex = 0; path = "DNS Medic Extension.appex"; sourceTree = BUILT_PRODUCTS_DIR; };
		9ABF05322F785FB400F82F83 /* Info.plist */ = {isa = PBXFileReference; lastKnownFileType = text.plist.xml; path = Info.plist; sourceTree = "<group>"; };
		9ABF05522F785FB400F82F83 /* platforms */ = {isa = PBXFileReference; lastKnownFileType = folder; name = platforms; path = ../../..; sourceTree = "<group>"; };
		9ABF05532F785FB400F82F83 /* popup.js */ = {isa = PBXFileReference; lastKnownFileType = sourcecode.javascript; name = popup.js; path = ../../../../popup.js; sourceTree = "<group>"; };
		9ABF05542F785FB400F82F83 /* CHANGELOG.md */ = {isa = PBXFileReference; lastKnownFileType = net.daringfireball.markdown; name = CHANGELOG.md; path = ../../../../CHANGELOG.md; sourceTree = "<group>"; };
		9ABF05552F785FB400F82F83 /* background.js */ = {isa = PBXFileReference; lastKnownFileType = sourcecode.javascript; name = background.js; path = ../../../../background.js; sourceTree = "<group>"; };
		9ABF05562F785FB400F82F83 /* browser-compat.js */ = {isa = PBXFileReference; lastKnownFileType = sourcecode.javascript; name = "browser-compat.js"; path = "../../../../browser-compat.js"; sourceTree = "<group>"; };
		9ABF05572F785FB400F82F83 /* domain-db.json */ = {isa = PBXFileReference; lastKnownFileType = text.json; name = "domain-db.json"; path = "../../../../domain-db.json"; sourceTree = "<group>"; };
		9ABF05582F785FB400F82F83 /* popup.html */ = {isa = PBXFileReference; lastKnownFileType = text.html; name = popup.html; path = ../../../../popup.html; sourceTree = "<group>"; };
		9ABF05592F785FB400F82F83 /* db-loader.js */ = {isa = PBXFileReference; lastKnownFileType = sourcecode.javascript; name = "db-loader.js"; path = "../../../../db-loader.js"; sourceTree = "<group>"; };
		9ABF055A2F785FB400F82F83 /* providers */ = {isa = PBXFileReference; lastKnownFileType = folder; name = providers; path = ../../../../providers; sourceTree = "<group>"; };
		9ABF055B2F785FB400F82F83 /* tests */ = {isa = PBXFileReference; lastKnownFileType = folder; name = tests; path = ../../../../tests; sourceTree = "<group>"; };
		9ABF055C2F785FB400F82F83 /* manifest.firefox.json */ = {isa = PBXFileReference; lastKnownFileType = text.json; name = manifest.firefox.json; path = ../../../../manifest.firefox.json; sourceTree = "<group>"; };
		9ABF055D2F785FB400F82F83 /* docs */ = {isa = PBXFileReference; lastKnownFileType = folder; name = docs; path = ../../../../docs; sourceTree = "<group>"; };
		9ABF055F2F785FB400F82F83 /* README.md */ = {isa = PBXFileReference; lastKnownFileType = net.daringfireball.markdown; name = README.md; path = ../../../../README.md; sourceTree = "<group>"; };
		9ABF05602F785FB400F82F83 /* build.sh */ = {isa = PBXFileReference; lastKnownFileType = text.script.sh; name = build.sh; path = ../../../../build.sh; sourceTree = "<group>"; };
		9ABF05612F785FB400F82F83 /* diagnostics.html */ = {isa = PBXFileReference; lastKnownFileType = text.html; name = diagnostics.html; path = ../../../../diagnostics.html; sourceTree = "<group>"; };
		9ABF05622F785FB400F82F83 /* package.json */ = {isa = PBXFileReference; lastKnownFileType = text.json; name = package.json; path = ../../../../package.json; sourceTree = "<group>"; };
		9ABF05632F785FB400F82F83 /* icons */ = {isa = PBXFileReference; lastKnownFileType = folder; name = icons; path = ../../../../icons; sourceTree = "<group>"; };
		9ABF05642F785FB400F82F83 /* scripts */ = {isa = PBXFileReference; lastKnownFileType = folder; name = scripts; path = ../../../../scripts; sourceTree = "<group>"; };
		9ABF05652F785FB400F82F83 /* manifest.json */ = {isa = PBXFileReference; lastKnownFileType = text.json; name = manifest.json; path = ../../../../manifest.json; sourceTree = "<group>"; };
		9ABF05662F785FB400F82F83 /* domain-db.js */ = {isa = PBXFileReference; lastKnownFileType = sourcecode.javascript; name = "domain-db.js"; path = "../../../../domain-db.js"; sourceTree = "<group>"; };
		9ABF05672F785FB400F82F83 /* popup.css */ = {isa = PBXFileReference; lastKnownFileType = text.css; name = popup.css; path = ../../../../popup.css; sourceTree = "<group>"; };
		9ABF05682F785FB400F82F83 /* store */ = {isa = PBXFileReference; lastKnownFileType = folder; name = store; path = ../../../../store; sourceTree = "<group>"; };
		9ABF05692F785FB400F82F83 /* platform-detect.js */ = {isa = PBXFileReference; lastKnownFileType = sourcecode.javascript; name = "platform-detect.js"; path = "../../../../platform-detect.js"; sourceTree = "<group>"; };
/* End PBXFileReference section */

/* Begin PBXFrameworksBuildPhase section */
		9ABF05022F785FB400F82F83 /* Frameworks */ = {
			isa = PBXFrameworksBuildPhase;
			buildActionMask = 2147483647;
			files = (
			);
			runOnlyForDeploymentPostprocessing = 0;
		};
		9ABF05142F785FB400F82F83 /* Frameworks */ = {
			isa = PBXFrameworksBuildPhase;
			buildActionMask = 2147483647;
			files = (
			);
			runOnlyForDeploymentPostprocessing = 0;
		};
		9ABF05202F785FB400F82F83 /* Frameworks */ = {
			isa = PBXFrameworksBuildPhase;
			buildActionMask = 2147483647;
			files = (
			);
			runOnlyForDeploymentPostprocessing = 0;
		};
		9ABF052A2F785FB400F82F83 /* Frameworks */ = {
			isa = PBXFrameworksBuildPhase;
			buildActionMask = 2147483647;
			files = (
			);
			runOnlyForDeploymentPostprocessing = 0;
		};
/* End PBXFrameworksBuildPhase section */

/* Begin PBXGroup section */
		9ABF04F12F785FB300F82F83 = {
			isa = PBXGroup;
			children = (
				9ABF04F62F785FB300F82F83 /* Shared (App) */,
				9ABF04FF2F785FB400F82F83 /* Shared (Extension) */,
				9ABF05072F785FB400F82F83 /* iOS (App) */,
				9ABF05182F785FB400F82F83 /* macOS (App) */,
				9ABF05272F785FB400F82F83 /* iOS (Extension) */,
				9ABF05312F785FB400F82F83 /* macOS (Extension) */,
				9ABF05062F785FB400F82F83 /* Products */,
			);
			sourceTree = "<group>";
		};
		9ABF04F62F785FB300F82F83 /* Shared (App) */ = {
			isa = PBXGroup;
			children = (
				9ABF04FD2F785FB300F82F83 /* ViewController.swift */,
				9ABF04FE2F785FB400F82F83 /* Assets.xcassets */,
				9ABF04F72F785FB300F82F83 /* Resources */,
			);
			path = "Shared (App)";
			sourceTree = "<group>";
		};
		9ABF04F72F785FB300F82F83 /* Resources */ = {
			isa = PBXGroup;
			children = (
				9ABF04F82F785FB300F82F83 /* Main.html */,
				9ABF04FA2F785FB300F82F83 /* Icon.png */,
				9ABF04FB2F785FB300F82F83 /* Style.css */,
				9ABF04FC2F785FB300F82F83 /* Script.js */,
			);
			path = Resources;
			sourceTree = "<group>";
		};
		9ABF04FF2F785FB400F82F83 /* Shared (Extension) */ = {
			isa = PBXGroup;
			children = (
				9ABF05512F785FB400F82F83 /* Resources */,
				9ABF05002F785FB400F82F83 /* SafariWebExtensionHandler.swift */,
			);
			path = "Shared (Extension)";
			sourceTree = "<group>";
		};
		9ABF05062F785FB400F82F83 /* Products */ = {
			isa = PBXGroup;
			children = (
				9ABF05052F785FB400F82F83 /* DNS Medic.app */,
				9ABF05172F785FB400F82F83 /* DNS Medic.app */,
				9ABF05232F785FB400F82F83 /* DNS Medic Extension.appex */,
				9ABF052D2F785FB400F82F83 /* DNS Medic Extension.appex */,
			);
			name = Products;
			sourceTree = "<group>";
		};
		9ABF05072F785FB400F82F83 /* iOS (App) */ = {
			isa = PBXGroup;
			children = (
				9ABF05082F785FB400F82F83 /* AppDelegate.swift */,
				9ABF050A2F785FB400F82F83 /* SceneDelegate.swift */,
				9ABF050C2F785FB400F82F83 /* LaunchScreen.storyboard */,
				9ABF050F2F785FB400F82F83 /* Main.storyboard */,
				9ABF05122F785FB400F82F83 /* Info.plist */,
			);
			path = "iOS (App)";
			sourceTree = "<group>";
		};
		9ABF05182F785FB400F82F83 /* macOS (App) */ = {
			isa = PBXGroup;
			children = (
				9ABF05192F785FB400F82F83 /* AppDelegate.swift */,
				9ABF051B2F785FB400F82F83 /* Main.storyboard */,
				9ABF051E2F785FB400F82F83 /* Info.plist */,
			);
			path = "macOS (App)";
			sourceTree = "<group>";
		};
		9ABF05272F785FB400F82F83 /* iOS (Extension) */ = {
			isa = PBXGroup;
			children = (
				9ABF05282F785FB400F82F83 /* Info.plist */,
			);
			path = "iOS (Extension)";
			sourceTree = "<group>";
		};
		9ABF05312F785FB400F82F83 /* macOS (Extension) */ = {
			isa = PBXGroup;
			children = (
				9ABF05322F785FB400F82F83 /* Info.plist */,
			);
			path = "macOS (Extension)";
			sourceTree = "<group>";
		};
		9ABF05512F785FB400F82F83 /* Resources */ = {
			isa = PBXGroup;
			children = (
				9ABF05522F785FB400F82F83 /* platforms */,
				9ABF05532F785FB400F82F83 /* popup.js */,
				9ABF05542F785FB400F82F83 /* CHANGELOG.md */,
				9ABF05552F785FB400F82F83 /* background.js */,
				9ABF05562F785FB400F82F83 /* browser-compat.js */,
				9ABF05572F785FB400F82F83 /* domain-db.json */,
				9ABF05582F785FB400F82F83 /* popup.html */,
				9ABF05592F785FB400F82F83 /* db-loader.js */,
				9ABF055A2F785FB400F82F83 /* providers */,
				9ABF055B2F785FB400F82F83 /* tests */,
				9ABF055C2F785FB400F82F83 /* manifest.firefox.json */,
				9ABF055D2F785FB400F82F83 /* docs */,
				9ABF055F2F785FB400F82F83 /* README.md */,
				9ABF05602F785FB400F82F83 /* build.sh */,
				9ABF05612F785FB400F82F83 /* diagnostics.html */,
				9ABF05622F785FB400F82F83 /* package.json */,
				9ABF05632F785FB400F82F83 /* icons */,
				9ABF05642F785FB400F82F83 /* scripts */,
				9ABF05652F785FB400F82F83 /* manifest.json */,
				9ABF05662F785FB400F82F83 /* domain-db.js */,
				9ABF05672F785FB400F82F83 /* popup.css */,
				9ABF05682F785FB400F82F83 /* store */,
				9ABF05692F785FB400F82F83 /* platform-detect.js */,
			);
			name = Resources;
			path = "Shared (Extension)";
			sourceTree = SOURCE_ROOT;
		};
/* End PBXGroup section */

/* Begin PBXNativeTarget section */
		9ABF05042F785FB400F82F83 /* DNS Medic (iOS) */ = {
			isa = PBXNativeTarget;
			buildConfigurationList = 9ABF05472F785FB400F82F83 /* Build configuration list for PBXNativeTarget "DNS Medic (iOS)" */;
			buildPhases = (
				9ABF05012F785FB400F82F83 /* Sources */,
				9ABF05022F785FB400F82F83 /* Frameworks */,
				9ABF05032F785FB400F82F83 /* Resources */,
				9ABF05462F785FB400F82F83 /* Embed Foundation Extensions */,
			);
			buildRules = (
			);
			dependencies = (
				9ABF05262F785FB400F82F83 /* PBXTargetDependency */,
			);
			name = "DNS Medic (iOS)";
			packageProductDependencies = (
			);
			productName = "DNS Medic (iOS)";
			productReference = 9ABF05052F785FB400F82F83 /* DNS Medic.app */;
			productType = "com.apple.product-type.application";
		};
		9ABF05162F785FB400F82F83 /* DNS Medic (macOS) */ = {
			isa = PBXNativeTarget;
			buildConfigurationList = 9ABF054E2F785FB400F82F83 /* Build configuration list for PBXNativeTarget "DNS Medic (macOS)" */;
			buildPhases = (
				9ABF05132F785FB400F82F83 /* Sources */,
				9ABF05142F785FB400F82F83 /* Frameworks */,
				9ABF05152F785FB400F82F83 /* Resources */,
				9ABF054D2F785FB400F82F83 /* Embed Foundation Extensions */,
			);
			buildRules = (
			);
			dependencies = (
				9ABF05302F785FB400F82F83 /* PBXTargetDependency */,
			);
			name = "DNS Medic (macOS)";
			packageProductDependencies = (
			);
			productName = "DNS Medic (macOS)";
			productReference = 9ABF05172F785FB400F82F83 /* DNS Medic.app */;
			productType = "com.apple.product-type.application";
		};
		9ABF05222F785FB400F82F83 /* DNS Medic Extension (iOS) */ = {
			isa = PBXNativeTarget;
			buildConfigurationList = 9ABF05432F785FB400F82F83 /* Build configuration list for PBXNativeTarget "DNS Medic Extension (iOS)" */;
			buildPhases = (
				9ABF051F2F785FB400F82F83 /* Sources */,
				9ABF05202F785FB400F82F83 /* Frameworks */,
				9ABF05212F785FB400F82F83 /* Resources */,
			);
			buildRules = (
			);
			dependencies = (
			);
			name = "DNS Medic Extension (iOS)";
			packageProductDependencies = (
			);
			productName = "DNS Medic Extension (iOS)";
			productReference = 9ABF05232F785FB400F82F83 /* DNS Medic Extension.appex */;
			productType = "com.apple.product-type.app-extension";
		};
		9ABF052C2F785FB400F82F83 /* DNS Medic Extension (macOS) */ = {
			isa = PBXNativeTarget;
			buildConfigurationList = 9ABF054A2F785FB400F82F83 /* Build configuration list for PBXNativeTarget "DNS Medic Extension (macOS)" */;
			buildPhases = (
				9ABF05292F785FB400F82F83 /* Sources */,
				9ABF052A2F785FB400F82F83 /* Frameworks */,
				9ABF052B2F785FB400F82F83 /* Resources */,
				9A056EF92F7867C80057B63A /* ShellScript */,
			);
			buildRules = (
			);
			dependencies = (
			);
			name = "DNS Medic Extension (macOS)";
			packageProductDependencies = (
			);
			productName = "DNS Medic Extension (macOS)";
			productReference = 9ABF052D2F785FB400F82F83 /* DNS Medic Extension.appex */;
			productType = "com.apple.product-type.app-extension";
		};
/* End PBXNativeTarget section */

/* Begin PBXProject section */
		9ABF04F22F785FB300F82F83 /* Project object */ = {
			isa = PBXProject;
			attributes = {
				BuildIndependentTargetsInParallel = 1;
				LastSwiftUpdateCheck = 2630;
				LastUpgradeCheck = 2630;
				TargetAttributes = {
					9ABF05042F785FB400F82F83 = {
						CreatedOnToolsVersion = 26.3;
					};
					9ABF05162F785FB400F82F83 = {
						CreatedOnToolsVersion = 26.3;
					};
					9ABF05222F785FB400F82F83 = {
						CreatedOnToolsVersion = 26.3;
					};
					9ABF052C2F785FB400F82F83 = {
						CreatedOnToolsVersion = 26.3;
					};
				};
			};
			buildConfigurationList = 9ABF04F52F785FB300F82F83 /* Build configuration list for PBXProject "DNS Medic" */;
			developmentRegion = en;
			hasScannedForEncodings = 0;
			knownRegions = (
				en,
				Base,
			);
			mainGroup = 9ABF04F12F785FB300F82F83;
			minimizedProjectReferenceProxies = 1;
			preferredProjectObjectVersion = 77;
			productRefGroup = 9ABF05062F785FB400F82F83 /* Products */;
			projectDirPath = "";
			projectRoot = "";
			targets = (
				9ABF05042F785FB400F82F83 /* DNS Medic (iOS) */,
				9ABF05162F785FB400F82F83 /* DNS Medic (macOS) */,
				9ABF05222F785FB400F82F83 /* DNS Medic Extension (iOS) */,
				9ABF052C2F785FB400F82F83 /* DNS Medic Extension (macOS) */,
			);
		};
/* End PBXProject section */

/* Begin PBXResourcesBuildPhase section */
		9ABF05032F785FB400F82F83 /* Resources */ = {
			isa = PBXResourcesBuildPhase;
			buildActionMask = 2147483647;
			files = (
				9ABF05352F785FB400F82F83 /* Icon.png in Resources */,
				9ABF050E2F785FB400F82F83 /* LaunchScreen.storyboard in Resources */,
				9ABF05332F785FB400F82F83 /* Main.html in Resources */,
				9ABF05392F785FB400F82F83 /* Script.js in Resources */,
				9ABF053D2F785FB400F82F83 /* Assets.xcassets in Resources */,
				9ABF05112F785FB400F82F83 /* Main.storyboard in Resources */,
				9ABF05372F785FB400F82F83 /* Style.css in Resources */,
			);
			runOnlyForDeploymentPostprocessing = 0;
		};
		9ABF05152F785FB400F82F83 /* Resources */ = {
			isa = PBXResourcesBuildPhase;
			buildActionMask = 2147483647;
			files = (
				9ABF05362F785FB400F82F83 /* Icon.png in Resources */,
				9ABF05382F785FB400F82F83 /* Style.css in Resources */,
				9ABF051D2F785FB400F82F83 /* Main.storyboard in Resources */,
				9ABF053A2F785FB400F82F83 /* Script.js in Resources */,
				9ABF053E2F785FB400F82F83 /* Assets.xcassets in Resources */,
				9ABF05342F785FB400F82F83 /* Main.html in Resources */,
			);
			runOnlyForDeploymentPostprocessing = 0;
		};
		9ABF05212F785FB400F82F83 /* Resources */ = {
			isa = PBXResourcesBuildPhase;
			buildActionMask = 2147483647;
			files = (
				9ABF05972F785FB400F82F83 /* popup.css in Resources */,
				9ABF05882F785FB400F82F83 /* popup.html in Resources */,
				9ABF05892F785FB400F82F83 /* db-loader.js in Resources */,
				9ABF05852F785FB400F82F83 /* background.js in Resources */,
				9ABF05932F785FB400F82F83 /* icons in Resources */,
				9ABF05822F785FB400F82F83 /* platforms in Resources */,
				9ABF05842F785FB400F82F83 /* CHANGELOG.md in Resources */,
				9ABF05992F785FB400F82F83 /* platform-detect.js in Resources */,
				9ABF058A2F785FB400F82F83 /* providers in Resources */,
				9ABF058C2F785FB400F82F83 /* manifest.firefox.json in Resources */,
				9ABF05872F785FB400F82F83 /* domain-db.json in Resources */,
				9ABF05902F785FB400F82F83 /* build.sh in Resources */,
				9ABF05942F785FB400F82F83 /* scripts in Resources */,
				9ABF05952F785FB400F82F83 /* manifest.json in Resources */,
				9ABF05832F785FB400F82F83 /* popup.js in Resources */,
				9ABF05912F785FB400F82F83 /* diagnostics.html in Resources */,
				9ABF05962F785FB400F82F83 /* domain-db.js in Resources */,
				9ABF058F2F785FB400F82F83 /* README.md in Resources */,
				9ABF05922F785FB400F82F83 /* package.json in Resources */,
				9ABF058D2F785FB400F82F83 /* docs in Resources */,
				9ABF058B2F785FB400F82F83 /* tests in Resources */,
				9ABF05982F785FB400F82F83 /* store in Resources */,
				9ABF05862F785FB400F82F83 /* browser-compat.js in Resources */,
			);
			runOnlyForDeploymentPostprocessing = 0;
		};
		9ABF052B2F785FB400F82F83 /* Resources */ = {
			isa = PBXResourcesBuildPhase;
			buildActionMask = 2147483647;
			files = (
				9ABF057F2F785FB400F82F83 /* popup.css in Resources */,
				9ABF05702F785FB400F82F83 /* popup.html in Resources */,
				9ABF05712F785FB400F82F83 /* db-loader.js in Resources */,
				9ABF056D2F785FB400F82F83 /* background.js in Resources */,
				9ABF057B2F785FB400F82F83 /* icons in Resources */,
				9ABF056A2F785FB400F82F83 /* platforms in Resources */,
				9ABF056C2F785FB400F82F83 /* CHANGELOG.md in Resources */,
				9ABF05812F785FB400F82F83 /* platform-detect.js in Resources */,
				9ABF05722F785FB400F82F83 /* providers in Resources */,
				9ABF05742F785FB400F82F83 /* manifest.firefox.json in Resources */,
				9ABF056F2F785FB400F82F83 /* domain-db.json in Resources */,
				9ABF05782F785FB400F82F83 /* build.sh in Resources */,
				9ABF057C2F785FB400F82F83 /* scripts in Resources */,
				9ABF057D2F785FB400F82F83 /* manifest.json in Resources */,
				9ABF056B2F785FB400F82F83 /* popup.js in Resources */,
				9ABF05792F785FB400F82F83 /* diagnostics.html in Resources */,
				9ABF057E2F785FB400F82F83 /* domain-db.js in Resources */,
				9ABF05772F785FB400F82F83 /* README.md in Resources */,
				9ABF057A2F785FB400F82F83 /* package.json in Resources */,
				9ABF05752F785FB400F82F83 /* docs in Resources */,
				9ABF05732F785FB400F82F83 /* tests in Resources */,
				9ABF05802F785FB400F82F83 /* store in Resources */,
				9ABF056E2F785FB400F82F83 /* browser-compat.js in Resources */,
			);
			runOnlyForDeploymentPostprocessing = 0;
		};
/* End PBXResourcesBuildPhase section */

/* Begin PBXShellScriptBuildPhase section */
		9A056EF92F7867C80057B63A /* ShellScript */ = {
			isa = PBXShellScriptBuildPhase;
			buildActionMask = 2147483647;
			files = (
			);
			inputFileListPaths = (
			);
			inputPaths = (
			);
			outputFileListPaths = (
			);
			outputPaths = (
			);
			runOnlyForDeploymentPostprocessing = 0;
			shellPath = /bin/sh;
			shellScript = "cp \"${SRCROOT}/../../../manifest.safari.json\" \"${BUILT_PRODUCTS_DIR}/DNS Medic Extension.appex/Contents/Resources/manifest.json\"\n";
		};
/* End PBXShellScriptBuildPhase section */

/* Begin PBXSourcesBuildPhase section */
		9ABF05012F785FB400F82F83 /* Sources */ = {
			isa = PBXSourcesBuildPhase;
			buildActionMask = 2147483647;
			files = (
				9ABF053B2F785FB400F82F83 /* ViewController.swift in Sources */,
				9ABF05092F785FB400F82F83 /* AppDelegate.swift in Sources */,
				9ABF050B2F785FB400F82F83 /* SceneDelegate.swift in Sources */,
			);
			runOnlyForDeploymentPostprocessing = 0;
		};
		9ABF05132F785FB400F82F83 /* Sources */ = {
			isa = PBXSourcesBuildPhase;
			buildActionMask = 2147483647;
			files = (
				9ABF053C2F785FB400F82F83 /* ViewController.swift in Sources */,
				9ABF051A2F785FB400F82F83 /* AppDelegate.swift in Sources */,
			);
			runOnlyForDeploymentPostprocessing = 0;
		};
		9ABF051F2F785FB400F82F83 /* Sources */ = {
			isa = PBXSourcesBuildPhase;
			buildActionMask = 2147483647;
			files = (
				9ABF053F2F785FB400F82F83 /* SafariWebExtensionHandler.swift in Sources */,
			);
			runOnlyForDeploymentPostprocessing = 0;
		};
		9ABF05292F785FB400F82F83 /* Sources */ = {
			isa = PBXSourcesBuildPhase;
			buildActionMask = 2147483647;
			files = (
				9ABF05402F785FB400F82F83 /* SafariWebExtensionHandler.swift in Sources */,
			);
			runOnlyForDeploymentPostprocessing = 0;
		};
/* End PBXSourcesBuildPhase section */

/* Begin PBXTargetDependency section */
		9ABF05262F785FB400F82F83 /* PBXTargetDependency */ = {
			isa = PBXTargetDependency;
			target = 9ABF05222F785FB400F82F83 /* DNS Medic Extension (iOS) */;
			targetProxy = 9ABF05252F785FB400F82F83 /* PBXContainerItemProxy */;
		};
		9ABF05302F785FB400F82F83 /* PBXTargetDependency */ = {
			isa = PBXTargetDependency;
			target = 9ABF052C2F785FB400F82F83 /* DNS Medic Extension (macOS) */;
			targetProxy = 9ABF052F2F785FB400F82F83 /* PBXContainerItemProxy */;
		};
/* End PBXTargetDependency section */

/* Begin PBXVariantGroup section */
		9ABF04F82F785FB300F82F83 /* Main.html */ = {
			isa = PBXVariantGroup;
			children = (
				9ABF04F92F785FB300F82F83 /* Base */,
			);
			name = Main.html;
			sourceTree = "<group>";
		};
		9ABF050C2F785FB400F82F83 /* LaunchScreen.storyboard */ = {
			isa = PBXVariantGroup;
			children = (
				9ABF050D2F785FB400F82F83 /* Base */,
			);
			name = LaunchScreen.storyboard;
			sourceTree = "<group>";
		};
		9ABF050F2F785FB400F82F83 /* Main.storyboard */ = {
			isa = PBXVariantGroup;
			children = (
				9ABF05102F785FB400F82F83 /* Base */,
			);
			name = Main.storyboard;
			sourceTree = "<group>";
		};
		9ABF051B2F785FB400F82F83 /* Main.storyboard */ = {
			isa = PBXVariantGroup;
			children = (
				9ABF051C2F785FB400F82F83 /* Base */,
			);
			name = Main.storyboard;
			sourceTree = "<group>";
		};
/* End PBXVariantGroup section */

/* Begin XCBuildConfiguration section */
		9ABF05412F785FB400F82F83 /* Debug */ = {
			isa = XCBuildConfiguration;
			buildSettings = {
				ALWAYS_SEARCH_USER_PATHS = NO;
				ASSETCATALOG_COMPILER_GENERATE_SWIFT_ASSET_SYMBOL_EXTENSIONS = YES;
				CLANG_ANALYZER_NONNULL = YES;
				CLANG_ANALYZER_NUMBER_OBJECT_CONVERSION = YES_AGGRESSIVE;
				CLANG_CXX_LANGUAGE_STANDARD = "gnu++20";
				CLANG_ENABLE_MODULES = YES;
				CLANG_ENABLE_OBJC_ARC = YES;
				CLANG_ENABLE_OBJC_WEAK = YES;
				CLANG_WARN_BLOCK_CAPTURE_AUTORELEASING = YES;
				CLANG_WARN_BOOL_CONVERSION = YES;
				CLANG_WARN_COMMA = YES;
				CLANG_WARN_CONSTANT_CONVERSION = YES;
				CLANG_WARN_DEPRECATED_OBJC_IMPLEMENTATIONS = YES;
				CLANG_WARN_DIRECT_OBJC_ISA_USAGE = YES_ERROR;
				CLANG_WARN_DOCUMENTATION_COMMENTS = YES;
				CLANG_WARN_EMPTY_BODY = YES;
				CLANG_WARN_ENUM_CONVERSION = YES;
				CLANG_WARN_INFINITE_RECURSION = YES;
				CLANG_WARN_INT_CONVERSION = YES;
				CLANG_WARN_NON_LITERAL_NULL_CONVERSION = YES;
				CLANG_WARN_OBJC_IMPLICIT_RETAIN_SELF = YES;
				CLANG_WARN_OBJC_LITERAL_CONVERSION = YES;
				CLANG_WARN_OBJC_ROOT_CLASS = YES_ERROR;
				CLANG_WARN_QUOTED_INCLUDE_IN_FRAMEWORK_HEADER = YES;
				CLANG_WARN_RANGE_LOOP_ANALYSIS = YES;
				CLANG_WARN_STRICT_PROTOTYPES = YES;
				CLANG_WARN_SUSPICIOUS_MOVE = YES;
				CLANG_WARN_UNGUARDED_AVAILABILITY = YES_AGGRESSIVE;
				CLANG_WARN_UNREACHABLE_CODE = YES;
				CLANG_WARN__DUPLICATE_METHOD_MATCH = YES;
				COPY_PHASE_STRIP = NO;
				DEBUG_INFORMATION_FORMAT = dwarf;
				ENABLE_STRICT_OBJC_MSGSEND = YES;
				ENABLE_TESTABILITY = YES;
				ENABLE_USER_SCRIPT_SANDBOXING = NO;
				GCC_C_LANGUAGE_STANDARD = gnu17;
				GCC_DYNAMIC_NO_PIC = NO;
				GCC_NO_COMMON_BLOCKS = YES;
				GCC_OPTIMIZATION_LEVEL = 0;
				GCC_PREPROCESSOR_DEFINITIONS = (
					"DEBUG=1",
					"$(inherited)",
				);
				GCC_WARN_64_TO_32_BIT_CONVERSION = YES;
				GCC_WARN_ABOUT_RETURN_TYPE = YES_ERROR;
				GCC_WARN_UNDECLARED_SELECTOR = YES;
				GCC_WARN_UNINITIALIZED_AUTOS = YES_AGGRESSIVE;
				GCC_WARN_UNUSED_FUNCTION = YES;
				GCC_WARN_UNUSED_VARIABLE = YES;
				LOCALIZATION_PREFERS_STRING_CATALOGS = YES;
				MTL_ENABLE_DEBUG_INFO = INCLUDE_SOURCE;
				MTL_FAST_MATH = YES;
				ONLY_ACTIVE_ARCH = YES;
				SWIFT_ACTIVE_COMPILATION_CONDITIONS = "DEBUG $(inherited)";
				SWIFT_OPTIMIZATION_LEVEL = "-Onone";
			};
			name = Debug;
		};
		9ABF05422F785FB400F82F83 /* Release */ = {
			isa = XCBuildConfiguration;
			buildSettings = {
				ALWAYS_SEARCH_USER_PATHS = NO;
				ASSETCATALOG_COMPILER_GENERATE_SWIFT_ASSET_SYMBOL_EXTENSIONS = YES;
				CLANG_ANALYZER_NONNULL = YES;
				CLANG_ANALYZER_NUMBER_OBJECT_CONVERSION = YES_AGGRESSIVE;
				CLANG_CXX_LANGUAGE_STANDARD = "gnu++20";
				CLANG_ENABLE_MODULES = YES;
				CLANG_ENABLE_OBJC_ARC = YES;
				CLANG_ENABLE_OBJC_WEAK = YES;
				CLANG_WARN_BLOCK_CAPTURE_AUTORELEASING = YES;
				CLANG_WARN_BOOL_CONVERSION = YES;
				CLANG_WARN_COMMA = YES;
				CLANG_WARN_CONSTANT_CONVERSION = YES;
				CLANG_WARN_DEPRECATED_OBJC_IMPLEMENTATIONS = YES;
				CLANG_WARN_DIRECT_OBJC_ISA_USAGE = YES_ERROR;
				CLANG_WARN_DOCUMENTATION_COMMENTS = YES;
				CLANG_WARN_EMPTY_BODY = YES;
				CLANG_WARN_ENUM_CONVERSION = YES;
				CLANG_WARN_INFINITE_RECURSION = YES;
				CLANG_WARN_INT_CONVERSION = YES;
				CLANG_WARN_NON_LITERAL_NULL_CONVERSION = YES;
				CLANG_WARN_OBJC_IMPLICIT_RETAIN_SELF = YES;
				CLANG_WARN_OBJC_LITERAL_CONVERSION = YES;
				CLANG_WARN_OBJC_ROOT_CLASS = YES_ERROR;
				CLANG_WARN_QUOTED_INCLUDE_IN_FRAMEWORK_HEADER = YES;
				CLANG_WARN_RANGE_LOOP_ANALYSIS = YES;
				CLANG_WARN_STRICT_PROTOTYPES = YES;
				CLANG_WARN_SUSPICIOUS_MOVE = YES;
				CLANG_WARN_UNGUARDED_AVAILABILITY = YES_AGGRESSIVE;
				CLANG_WARN_UNREACHABLE_CODE = YES;
				CLANG_WARN__DUPLICATE_METHOD_MATCH = YES;
				COPY_PHASE_STRIP = NO;
				DEBUG_INFORMATION_FORMAT = "dwarf-with-dsym";
				ENABLE_NS_ASSERTIONS = NO;
				ENABLE_STRICT_OBJC_MSGSEND = YES;
				ENABLE_USER_SCRIPT_SANDBOXING = NO;
				GCC_C_LANGUAGE_STANDARD = gnu17;
				GCC_NO_COMMON_BLOCKS = YES;
				GCC_WARN_64_TO_32_BIT_CONVERSION = YES;
				GCC_WARN_ABOUT_RETURN_TYPE = YES_ERROR;
				GCC_WARN_UNDECLARED_SELECTOR = YES;
				GCC_WARN_UNINITIALIZED_AUTOS = YES_AGGRESSIVE;
				GCC_WARN_UNUSED_FUNCTION = YES;
				GCC_WARN_UNUSED_VARIABLE = YES;
				LOCALIZATION_PREFERS_STRING_CATALOGS = YES;
				MTL_ENABLE_DEBUG_INFO = NO;
				MTL_FAST_MATH = YES;
				SWIFT_COMPILATION_MODE = wholemodule;
			};
			name = Release;
		};
		9ABF05442F785FB400F82F83 /* Debug */ = {
			isa = XCBuildConfiguration;
			buildSettings = {
				CODE_SIGN_STYLE = Automatic;
				CURRENT_PROJECT_VERSION = 1;
				DEVELOPMENT_TEAM = 358XBTF4PA;
				GENERATE_INFOPLIST_FILE = YES;
				INFOPLIST_FILE = "iOS (Extension)/Info.plist";
				INFOPLIST_KEY_CFBundleDisplayName = "DNS Medic Extension";
				INFOPLIST_KEY_NSHumanReadableCopyright = "";
				IPHONEOS_DEPLOYMENT_TARGET = 15.0;
				LD_RUNPATH_SEARCH_PATHS = (
					"$(inherited)",
					"@executable_path/Frameworks",
					"@executable_path/../../Frameworks",
				);
				MARKETING_VERSION = 1.0;
				OTHER_LDFLAGS = (
					"-framework",
					SafariServices,
				);
				PRODUCT_BUNDLE_IDENTIFIER = com.jstoneky.dnsmedic.Extension;
				PRODUCT_NAME = "DNS Medic Extension";
				SDKROOT = iphoneos;
				SKIP_INSTALL = YES;
				STRING_CATALOG_GENERATE_SYMBOLS = YES;
				SWIFT_APPROACHABLE_CONCURRENCY = YES;
				SWIFT_EMIT_LOC_STRINGS = YES;
				SWIFT_UPCOMING_FEATURE_MEMBER_IMPORT_VISIBILITY = YES;
				SWIFT_VERSION = 5.0;
				TARGETED_DEVICE_FAMILY = "1,2";
			};
			name = Debug;
		};
		9ABF05452F785FB400F82F83 /* Release */ = {
			isa = XCBuildConfiguration;
			buildSettings = {
				CODE_SIGN_STYLE = Automatic;
				CURRENT_PROJECT_VERSION = 1;
				DEVELOPMENT_TEAM = 358XBTF4PA;
				GENERATE_INFOPLIST_FILE = YES;
				INFOPLIST_FILE = "iOS (Extension)/Info.plist";
				INFOPLIST_KEY_CFBundleDisplayName = "DNS Medic Extension";
				INFOPLIST_KEY_NSHumanReadableCopyright = "";
				IPHONEOS_DEPLOYMENT_TARGET = 15.0;
				LD_RUNPATH_SEARCH_PATHS = (
					"$(inherited)",
					"@executable_path/Frameworks",
					"@executable_path/../../Frameworks",
				);
				MARKETING_VERSION = 1.0;
				OTHER_LDFLAGS = (
					"-framework",
					SafariServices,
				);
				PRODUCT_BUNDLE_IDENTIFIER = com.jstoneky.dnsmedic.Extension;
				PRODUCT_NAME = "DNS Medic Extension";
				SDKROOT = iphoneos;
				SKIP_INSTALL = YES;
				STRING_CATALOG_GENERATE_SYMBOLS = YES;
				SWIFT_APPROACHABLE_CONCURRENCY = YES;
				SWIFT_EMIT_LOC_STRINGS = YES;
				SWIFT_UPCOMING_FEATURE_MEMBER_IMPORT_VISIBILITY = YES;
				SWIFT_VERSION = 5.0;
				TARGETED_DEVICE_FAMILY = "1,2";
				VALIDATE_PRODUCT = YES;
			};
			name = Release;
		};
		9ABF05482F785FB400F82F83 /* Debug */ = {
			isa = XCBuildConfiguration;
			buildSettings = {
				ASSETCATALOG_COMPILER_APPICON_NAME = AppIcon;
				ASSETCATALOG_COMPILER_GLOBAL_ACCENT_COLOR_NAME = AccentColor;
				CODE_SIGN_STYLE = Automatic;
				CURRENT_PROJECT_VERSION = 1;
				DEVELOPMENT_TEAM = 358XBTF4PA;
				GENERATE_INFOPLIST_FILE = YES;
				INFOPLIST_FILE = "iOS (App)/Info.plist";
				INFOPLIST_KEY_CFBundleDisplayName = "DNS Medic";
				INFOPLIST_KEY_UIApplicationSupportsIndirectInputEvents = YES;
				INFOPLIST_KEY_UILaunchStoryboardName = LaunchScreen;
				INFOPLIST_KEY_UIMainStoryboardFile = Main;
				INFOPLIST_KEY_UISupportedInterfaceOrientations = "UIInterfaceOrientationPortrait UIInterfaceOrientationLandscapeLeft UIInterfaceOrientationLandscapeRight";
				INFOPLIST_KEY_UISupportedInterfaceOrientations_iPad = "UIInterfaceOrientationPortrait UIInterfaceOrientationPortraitUpsideDown UIInterfaceOrientationLandscapeLeft UIInterfaceOrientationLandscapeRight";
				IPHONEOS_DEPLOYMENT_TARGET = 15.0;
				LD_RUNPATH_SEARCH_PATHS = (
					"$(inherited)",
					"@executable_path/Frameworks",
				);
				MARKETING_VERSION = 1.0;
				OTHER_LDFLAGS = (
					"-framework",
					SafariServices,
					"-framework",
					WebKit,
				);
				PRODUCT_BUNDLE_IDENTIFIER = com.jstoneky.dnsmedic;
				PRODUCT_NAME = "DNS Medic";
				SDKROOT = iphoneos;
				STRING_CATALOG_GENERATE_SYMBOLS = YES;
				SWIFT_APPROACHABLE_CONCURRENCY = YES;
				SWIFT_DEFAULT_ACTOR_ISOLATION = MainActor;
				SWIFT_EMIT_LOC_STRINGS = YES;
				SWIFT_UPCOMING_FEATURE_MEMBER_IMPORT_VISIBILITY = YES;
				SWIFT_VERSION = 5.0;
				TARGETED_DEVICE_FAMILY = "1,2";
			};
			name = Debug;
		};
		9ABF05492F785FB400F82F83 /* Release */ = {
			isa = XCBuildConfiguration;
			buildSettings = {
				ASSETCATALOG_COMPILER_APPICON_NAME = AppIcon;
				ASSETCATALOG_COMPILER_GLOBAL_ACCENT_COLOR_NAME = AccentColor;
				CODE_SIGN_STYLE = Automatic;
				CURRENT_PROJECT_VERSION = 1;
				DEVELOPMENT_TEAM = 358XBTF4PA;
				GENERATE_INFOPLIST_FILE = YES;
				INFOPLIST_FILE = "iOS (App)/Info.plist";
				INFOPLIST_KEY_CFBundleDisplayName = "DNS Medic";
				INFOPLIST_KEY_UIApplicationSupportsIndirectInputEvents = YES;
				INFOPLIST_KEY_UILaunchStoryboardName = LaunchScreen;
				INFOPLIST_KEY_UIMainStoryboardFile = Main;
				INFOPLIST_KEY_UISupportedInterfaceOrientations = "UIInterfaceOrientationPortrait UIInterfaceOrientationLandscapeLeft UIInterfaceOrientationLandscapeRight";
				INFOPLIST_KEY_UISupportedInterfaceOrientations_iPad = "UIInterfaceOrientationPortrait UIInterfaceOrientationPortraitUpsideDown UIInterfaceOrientationLandscapeLeft UIInterfaceOrientationLandscapeRight";
				IPHONEOS_DEPLOYMENT_TARGET = 15.0;
				LD_RUNPATH_SEARCH_PATHS = (
					"$(inherited)",
					"@executable_path/Frameworks",
				);
				MARKETING_VERSION = 1.0;
				OTHER_LDFLAGS = (
					"-framework",
					SafariServices,
					"-framework",
					WebKit,
				);
				PRODUCT_BUNDLE_IDENTIFIER = com.jstoneky.dnsmedic;
				PRODUCT_NAME = "DNS Medic";
				SDKROOT = iphoneos;
				STRING_CATALOG_GENERATE_SYMBOLS = YES;
				SWIFT_APPROACHABLE_CONCURRENCY = YES;
				SWIFT_DEFAULT_ACTOR_ISOLATION = MainActor;
				SWIFT_EMIT_LOC_STRINGS = YES;
				SWIFT_UPCOMING_FEATURE_MEMBER_IMPORT_VISIBILITY = YES;
				SWIFT_VERSION = 5.0;
				TARGETED_DEVICE_FAMILY = "1,2";
				VALIDATE_PRODUCT = YES;
			};
			name = Release;
		};
		9ABF054B2F785FB400F82F83 /* Debug */ = {
			isa = XCBuildConfiguration;
			buildSettings = {
				CODE_SIGN_STYLE = Automatic;
				CURRENT_PROJECT_VERSION = 1;
				DEVELOPMENT_TEAM = 358XBTF4PA;
				ENABLE_APP_SANDBOX = YES;
				ENABLE_HARDENED_RUNTIME = YES;
				ENABLE_USER_SELECTED_FILES = readonly;
				GENERATE_INFOPLIST_FILE = YES;
				INFOPLIST_FILE = "macOS (Extension)/Info.plist";
				INFOPLIST_KEY_CFBundleDisplayName = "DNS Medic Extension";
				INFOPLIST_KEY_NSHumanReadableCopyright = "";
				LD_RUNPATH_SEARCH_PATHS = (
					"$(inherited)",
					"@executable_path/../Frameworks",
					"@executable_path/../../../../Frameworks",
				);
				MACOSX_DEPLOYMENT_TARGET = 10.14;
				MARKETING_VERSION = 1.0;
				OTHER_LDFLAGS = (
					"-framework",
					SafariServices,
				);
				PRODUCT_BUNDLE_IDENTIFIER = com.jstoneky.dnsmedic.Extension;
				PRODUCT_NAME = "DNS Medic Extension";
				SDKROOT = macosx;
				SKIP_INSTALL = YES;
				STRING_CATALOG_GENERATE_SYMBOLS = YES;
				SWIFT_APPROACHABLE_CONCURRENCY = YES;
				SWIFT_EMIT_LOC_STRINGS = YES;
				SWIFT_UPCOMING_FEATURE_MEMBER_IMPORT_VISIBILITY = YES;
				SWIFT_VERSION = 5.0;
			};
			name = Debug;
		};
		9ABF054C2F785FB400F82F83 /* Release */ = {
			isa = XCBuildConfiguration;
			buildSettings = {
				CODE_SIGN_STYLE = Automatic;
				CURRENT_PROJECT_VERSION = 1;
				DEVELOPMENT_TEAM = 358XBTF4PA;
				ENABLE_APP_SANDBOX = YES;
				ENABLE_HARDENED_RUNTIME = YES;
				ENABLE_USER_SELECTED_FILES = readonly;
				GENERATE_INFOPLIST_FILE = YES;
				INFOPLIST_FILE = "macOS (Extension)/Info.plist";
				INFOPLIST_KEY_CFBundleDisplayName = "DNS Medic Extension";
				INFOPLIST_KEY_NSHumanReadableCopyright = "";
				LD_RUNPATH_SEARCH_PATHS = (
					"$(inherited)",
					"@executable_path/../Frameworks",
					"@executable_path/../../../../Frameworks",
				);
				MACOSX_DEPLOYMENT_TARGET = 10.14;
				MARKETING_VERSION = 1.0;
				OTHER_LDFLAGS = (
					"-framework",
					SafariServices,
				);
				PRODUCT_BUNDLE_IDENTIFIER = com.jstoneky.dnsmedic.Extension;
				PRODUCT_NAME = "DNS Medic Extension";
				SDKROOT = macosx;
				SKIP_INSTALL = YES;
				STRING_CATALOG_GENERATE_SYMBOLS = YES;
				SWIFT_APPROACHABLE_CONCURRENCY = YES;
				SWIFT_EMIT_LOC_STRINGS = YES;
				SWIFT_UPCOMING_FEATURE_MEMBER_IMPORT_VISIBILITY = YES;
				SWIFT_VERSION = 5.0;
			};
			name = Release;
		};
		9ABF054F2F785FB400F82F83 /* Debug */ = {
			isa = XCBuildConfiguration;
			buildSettings = {
				ASSETCATALOG_COMPILER_APPICON_NAME = AppIcon;
				ASSETCATALOG_COMPILER_GLOBAL_ACCENT_COLOR_NAME = AccentColor;
				CODE_SIGN_STYLE = Automatic;
				CURRENT_PROJECT_VERSION = 1;
				DEVELOPMENT_TEAM = 358XBTF4PA;
				ENABLE_APP_SANDBOX = YES;
				ENABLE_HARDENED_RUNTIME = YES;
				ENABLE_OUTGOING_NETWORK_CONNECTIONS = YES;
				ENABLE_USER_SELECTED_FILES = readonly;
				GENERATE_INFOPLIST_FILE = YES;
				INFOPLIST_FILE = "macOS (App)/Info.plist";
				INFOPLIST_KEY_CFBundleDisplayName = "DNS Medic";
				INFOPLIST_KEY_NSMainStoryboardFile = Main;
				INFOPLIST_KEY_NSPrincipalClass = NSApplication;
				LD_RUNPATH_SEARCH_PATHS = (
					"$(inherited)",
					"@executable_path/../Frameworks",
				);
				MACOSX_DEPLOYMENT_TARGET = 10.14;
				MARKETING_VERSION = 1.0;
				OTHER_LDFLAGS = (
					"-framework",
					SafariServices,
					"-framework",
					WebKit,
				);
				PRODUCT_BUNDLE_IDENTIFIER = com.jstoneky.dnsmedic;
				PRODUCT_NAME = "DNS Medic";
				REGISTER_APP_GROUPS = YES;
				SDKROOT = macosx;
				STRING_CATALOG_GENERATE_SYMBOLS = YES;
				SWIFT_APPROACHABLE_CONCURRENCY = YES;
				SWIFT_DEFAULT_ACTOR_ISOLATION = MainActor;
				SWIFT_EMIT_LOC_STRINGS = YES;
				SWIFT_UPCOMING_FEATURE_MEMBER_IMPORT_VISIBILITY = YES;
				SWIFT_VERSION = 5.0;
			};
			name = Debug;
		};
		9ABF05502F785FB400F82F83 /* Release */ = {
			isa = XCBuildConfiguration;
			buildSettings = {
				ASSETCATALOG_COMPILER_APPICON_NAME = AppIcon;
				ASSETCATALOG_COMPILER_GLOBAL_ACCENT_COLOR_NAME = AccentColor;
				CODE_SIGN_STYLE = Automatic;
				CURRENT_PROJECT_VERSION = 1;
				DEVELOPMENT_TEAM = 358XBTF4PA;
				ENABLE_APP_SANDBOX = YES;
				ENABLE_HARDENED_RUNTIME = YES;
				ENABLE_OUTGOING_NETWORK_CONNECTIONS = YES;
				ENABLE_USER_SELECTED_FILES = readonly;
				GENERATE_INFOPLIST_FILE = YES;
				INFOPLIST_FILE = "macOS (App)/Info.plist";
				INFOPLIST_KEY_CFBundleDisplayName = "DNS Medic";
				INFOPLIST_KEY_NSMainStoryboardFile = Main;
				INFOPLIST_KEY_NSPrincipalClass = NSApplication;
				LD_RUNPATH_SEARCH_PATHS = (
					"$(inherited)",
					"@executable_path/../Frameworks",
				);
				MACOSX_DEPLOYMENT_TARGET = 10.14;
				MARKETING_VERSION = 1.0;
				OTHER_LDFLAGS = (
					"-framework",
					SafariServices,
					"-framework",
					WebKit,
				);
				PRODUCT_BUNDLE_IDENTIFIER = com.jstoneky.dnsmedic;
				PRODUCT_NAME = "DNS Medic";
				REGISTER_APP_GROUPS = YES;
				SDKROOT = macosx;
				STRING_CATALOG_GENERATE_SYMBOLS = YES;
				SWIFT_APPROACHABLE_CONCURRENCY = YES;
				SWIFT_DEFAULT_ACTOR_ISOLATION = MainActor;
				SWIFT_EMIT_LOC_STRINGS = YES;
				SWIFT_UPCOMING_FEATURE_MEMBER_IMPORT_VISIBILITY = YES;
				SWIFT_VERSION = 5.0;
			};
			name = Release;
		};
/* End XCBuildConfiguration section */

/* Begin XCConfigurationList section */
		9ABF04F52F785FB300F82F83 /* Build configuration list for PBXProject "DNS Medic" */ = {
			isa = XCConfigurationList;
			buildConfigurations = (
				9ABF05412F785FB400F82F83 /* Debug */,
				9ABF05422F785FB400F82F83 /* Release */,
			);
			defaultConfigurationIsVisible = 0;
			defaultConfigurationName = Release;
		};
		9ABF05432F785FB400F82F83 /* Build configuration list for PBXNativeTarget "DNS Medic Extension (iOS)" */ = {
			isa = XCConfigurationList;
			buildConfigurations = (
				9ABF05442F785FB400F82F83 /* Debug */,
				9ABF05452F785FB400F82F83 /* Release */,
			);
			defaultConfigurationIsVisible = 0;
			defaultConfigurationName = Release;
		};
		9ABF05472F785FB400F82F83 /* Build configuration list for PBXNativeTarget "DNS Medic (iOS)" */ = {
			isa = XCConfigurationList;
			buildConfigurations = (
				9ABF05482F785FB400F82F83 /* Debug */,
				9ABF05492F785FB400F82F83 /* Release */,
			);
			defaultConfigurationIsVisible = 0;
			defaultConfigurationName = Release;
		};
		9ABF054A2F785FB400F82F83 /* Build configuration list for PBXNativeTarget "DNS Medic Extension (macOS)" */ = {
			isa = XCConfigurationList;
			buildConfigurations = (
				9ABF054B2F785FB400F82F83 /* Debug */,
				9ABF054C2F785FB400F82F83 /* Release */,
			);
			defaultConfigurationIsVisible = 0;
			defaultConfigurationName = Release;
		};
		9ABF054E2F785FB400F82F83 /* Build configuration list for PBXNativeTarget "DNS Medic (macOS)" */ = {
			isa = XCConfigurationList;
			buildConfigurations = (
				9ABF054F2F785FB400F82F83 /* Debug */,
				9ABF05502F785FB400F82F83 /* Release */,
			);
			defaultConfigurationIsVisible = 0;
			defaultConfigurationName = Release;
		};
/* End XCConfigurationList section */
	};
	rootObject = 9ABF04F22F785FB300F82F83 /* Project object */;
}
